
Microsoft Visual Studio Solution File, Format Version 12.00
# Visual Studio Version 16
VisualStudioVersion = 16.0.30611.23
MinimumVisualStudioVersion = 10.0.40219.1
Project("{FAE04EC0-301F-11D3-BF4B-00C04F79EFBC}") = "SumExampleApp", "SumExampleApp\SumExampleApp.csproj", "{B98B7DB1-36D8-4B9D-BB3C-0168480A4D99}"
EndProject
Project("{FAE04EC0-301F-11D3-BF4B-00C04F79EFBC}") = "SumExampleAppTests", "SumExampleAppTests\SumExampleAppTests.csproj", "{3748062E-A848-4818-B706-E1DE2807FA26}"
EndProject
Global
	GlobalSection(SolutionConfigurationPlatforms) = preSolution
		Debug|Any CPU = Debug|Any CPU
		Release|Any CPU = Release|Any CPU
	EndGlobalSection
	GlobalSection(ProjectConfigurationPlatforms) = postSolution
		{B98B7DB1-36D8-4B9D-BB3C-0168480A4D99}.Debug|Any CPU.ActiveCfg = Debug|Any CPU
		{B98B7DB1-36D8-4B9D-BB3C-0168480A4D99}.Debug|Any CPU.Build.0 = Debug|Any CPU
		{B98B7DB1-36D8-4B9D-BB3C-0168480A4D99}.Release|Any CPU.ActiveCfg = Release|Any CPU
		{B98B7DB1-36D8-4B9D-BB3C-0168480A4D99}.Release|Any CPU.Build.0 = Release|Any CPU
		{3748062E-A848-4818-B706-E1DE2807FA26}.Debug|Any CPU.ActiveCfg = Debug|Any CPU
		{3748062E-A848-4818-B706-E1DE2807FA26}.Debug|Any CPU.Build.0 = Debug|Any CPU
		{3748062E-A848-4818-B706-E1DE2807FA26}.Release|Any CPU.ActiveCfg = Release|Any CPU
		{3748062E-A848-4818-B706-E1DE2807FA26}.Release|Any CPU.Build.0 = Release|Any CPU
	EndGlobalSection
	GlobalSection(SolutionProperties) = preSolution
		HideSolutionNode = FALSE
	EndGlobalSection
	GlobalSection(ExtensibilityGlobals) = postSolution
		SolutionGuid = {003BBF8A-EEE1-4F10-B829-F3D84084D8CA}
	EndGlobalSection
EndGlobal
